
Microsoft Visual Studio Solution File, Format Version 12.00
# Visual Studio Version 17
VisualStudioVersion = 17.8.34511.84
MinimumVisualStudioVersion = 10.0.40219.1
Project("{FAE04EC0-301F-11D3-BF4B-00C04F79EFBC}") = "MauiShares", "MauiShares\MauiShares.csproj", "{BCDA02D3-3E20-4A2C-B012-D592E2D3A3E0}"
EndProject
Global
	GlobalSection(SolutionConfigurationPlatforms) = preSolution
		Debug|Any CPU = Debug|Any CPU
		Release|Any CPU = Release|Any CPU
	EndGlobalSection
	GlobalSection(ProjectConfigurationPlatforms) = postSolution
		{BCDA02D3-3E20-4A2C-B012-D592E2D3A3E0}.Debug|Any CPU.ActiveCfg = Debug|Any CPU
		{BCDA02D3-3E20-4A2C-B012-D592E2D3A3E0}.Debug|Any CPU.Build.0 = Debug|Any CPU
		{BCDA02D3-3E20-4A2C-B012-D592E2D3A3E0}.Debug|Any CPU.Deploy.0 = Debug|Any CPU
		{BCDA02D3-3E20-4A2C-B012-D592E2D3A3E0}.Release|Any CPU.ActiveCfg = Release|Any CPU
		{BCDA02D3-3E20-4A2C-B012-D592E2D3A3E0}.Release|Any CPU.Build.0 = Release|Any CPU
		{BCDA02D3-3E20-4A2C-B012-D592E2D3A3E0}.Release|Any CPU.Deploy.0 = Release|Any CPU
	EndGlobalSection
	GlobalSection(SolutionProperties) = preSolution
		HideSolutionNode = FALSE
	EndGlobalSection
	GlobalSection(ExtensibilityGlobals) = postSolution
		SolutionGuid = {49B6E503-B00C-4D5A-ADF9-89FC7F5DC360}
	EndGlobalSection
EndGlobal
